
Microsoft Visual Studio Solution File, Format Version 12.00
# Visual Studio 15
VisualStudioVersion = 15.0.26403.7
MinimumVisualStudioVersion = 10.0.40219.1
Project("{2150E333-8FDC-42A3-9474-1A3956D46DE8}") = "1-Interface", "1-Interface", "{A7F1B3A9-A760-4BA7-853A-17C9C09A61D3}"
EndProject
Project("{2150E333-8FDC-42A3-9474-1A3956D46DE8}") = "2-Responsability", "2-Responsability", "{8C7B9161-725A-4C89-8BF1-FF177DC19529}"
EndProject
Project("{2150E333-8FDC-42A3-9474-1A3956D46DE8}") = "3-Building", "3-Building", "{2BFCA233-D268-4ED8-966A-6F2B243F0ED7}"
EndProject
Project("{2150E333-8FDC-42A3-9474-1A3956D46DE8}") = "4-Operation", "4-Operation", "{FCC90C31-C52A-41AF-9971-6BCA5D871240}"
EndProject
Project("{2150E333-8FDC-42A3-9474-1A3956D46DE8}") = "5-Extenssion", "5-Extenssion", "{E998D54C-6B74-4EC7-A49B-DB21F672864D}"
EndProject
Project("{FAE04EC0-301F-11D3-BF4B-00C04F79EFBC}") = "Adapter", "Adapter\Adapter.csproj", "{56516740-B9CF-45AC-BB23-FA784E0AF912}"
EndProject
Project("{FAE04EC0-301F-11D3-BF4B-00C04F79EFBC}") = "Facade", "Facade\Facade.csproj", "{022A0C2D-726B-4D85-9D9A-3EFA1700E129}"
EndProject
Project("{FAE04EC0-301F-11D3-BF4B-00C04F79EFBC}") = "Composite", "Composite\Composite.csproj", "{4F21812E-F18A-4CC3-9E7C-26C1D937B47E}"
EndProject
Project("{FAE04EC0-301F-11D3-BF4B-00C04F79EFBC}") = "Bridge", "Bridge\Bridge.csproj", "{E535C7C5-9ABF-47A2-A77B-499375F2EF79}"
EndProject
Project("{FAE04EC0-301F-11D3-BF4B-00C04F79EFBC}") = "Singleton", "Singleton\Singleton.csproj", "{B078A65F-23D6-4804-A791-2342D6D0DE0E}"
EndProject
Project("{FAE04EC0-301F-11D3-BF4B-00C04F79EFBC}") = "Observer", "Observer\Observer.csproj", "{2B0AF93F-2655-4FEC-A106-B8AA68F3A9FA}"
EndProject
Global
	GlobalSection(SolutionConfigurationPlatforms) = preSolution
		Debug|Any CPU = Debug|Any CPU
		Release|Any CPU = Release|Any CPU
	EndGlobalSection
	GlobalSection(ProjectConfigurationPlatforms) = postSolution
		{56516740-B9CF-45AC-BB23-FA784E0AF912}.Debug|Any CPU.ActiveCfg = Debug|Any CPU
		{56516740-B9CF-45AC-BB23-FA784E0AF912}.Debug|Any CPU.Build.0 = Debug|Any CPU
		{56516740-B9CF-45AC-BB23-FA784E0AF912}.Release|Any CPU.ActiveCfg = Release|Any CPU
		{56516740-B9CF-45AC-BB23-FA784E0AF912}.Release|Any CPU.Build.0 = Release|Any CPU
		{022A0C2D-726B-4D85-9D9A-3EFA1700E129}.Debug|Any CPU.ActiveCfg = Debug|Any CPU
		{022A0C2D-726B-4D85-9D9A-3EFA1700E129}.Debug|Any CPU.Build.0 = Debug|Any CPU
		{022A0C2D-726B-4D85-9D9A-3EFA1700E129}.Release|Any CPU.ActiveCfg = Release|Any CPU
		{022A0C2D-726B-4D85-9D9A-3EFA1700E129}.Release|Any CPU.Build.0 = Release|Any CPU
		{4F21812E-F18A-4CC3-9E7C-26C1D937B47E}.Debug|Any CPU.ActiveCfg = Debug|Any CPU
		{4F21812E-F18A-4CC3-9E7C-26C1D937B47E}.Debug|Any CPU.Build.0 = Debug|Any CPU
		{4F21812E-F18A-4CC3-9E7C-26C1D937B47E}.Release|Any CPU.ActiveCfg = Release|Any CPU
		{4F21812E-F18A-4CC3-9E7C-26C1D937B47E}.Release|Any CPU.Build.0 = Release|Any CPU
		{E535C7C5-9ABF-47A2-A77B-499375F2EF79}.Debug|Any CPU.ActiveCfg = Debug|Any CPU
		{E535C7C5-9ABF-47A2-A77B-499375F2EF79}.Debug|Any CPU.Build.0 = Debug|Any CPU
		{E535C7C5-9ABF-47A2-A77B-499375F2EF79}.Release|Any CPU.ActiveCfg = Release|Any CPU
		{E535C7C5-9ABF-47A2-A77B-499375F2EF79}.Release|Any CPU.Build.0 = Release|Any CPU
		{B078A65F-23D6-4804-A791-2342D6D0DE0E}.Debug|Any CPU.ActiveCfg = Debug|Any CPU
		{B078A65F-23D6-4804-A791-2342D6D0DE0E}.Debug|Any CPU.Build.0 = Debug|Any CPU
		{B078A65F-23D6-4804-A791-2342D6D0DE0E}.Release|Any CPU.ActiveCfg = Release|Any CPU
		{B078A65F-23D6-4804-A791-2342D6D0DE0E}.Release|Any CPU.Build.0 = Release|Any CPU
		{2B0AF93F-2655-4FEC-A106-B8AA68F3A9FA}.Debug|Any CPU.ActiveCfg = Debug|Any CPU
		{2B0AF93F-2655-4FEC-A106-B8AA68F3A9FA}.Debug|Any CPU.Build.0 = Debug|Any CPU
		{2B0AF93F-2655-4FEC-A106-B8AA68F3A9FA}.Release|Any CPU.ActiveCfg = Release|Any CPU
		{2B0AF93F-2655-4FEC-A106-B8AA68F3A9FA}.Release|Any CPU.Build.0 = Release|Any CPU
	EndGlobalSection
	GlobalSection(SolutionProperties) = preSolution
		HideSolutionNode = FALSE
	EndGlobalSection
	GlobalSection(NestedProjects) = preSolution
		{56516740-B9CF-45AC-BB23-FA784E0AF912} = {A7F1B3A9-A760-4BA7-853A-17C9C09A61D3}
		{022A0C2D-726B-4D85-9D9A-3EFA1700E129} = {A7F1B3A9-A760-4BA7-853A-17C9C09A61D3}
		{4F21812E-F18A-4CC3-9E7C-26C1D937B47E} = {A7F1B3A9-A760-4BA7-853A-17C9C09A61D3}
		{E535C7C5-9ABF-47A2-A77B-499375F2EF79} = {A7F1B3A9-A760-4BA7-853A-17C9C09A61D3}
		{B078A65F-23D6-4804-A791-2342D6D0DE0E} = {8C7B9161-725A-4C89-8BF1-FF177DC19529}
		{2B0AF93F-2655-4FEC-A106-B8AA68F3A9FA} = {8C7B9161-725A-4C89-8BF1-FF177DC19529}
	EndGlobalSection
EndGlobal
